
Microsoft Visual Studio Solution File, Format Version 12.00
# Visual Studio Version 17
VisualStudioVersion = 17.7.34031.279
MinimumVisualStudioVersion = 10.0.40219.1
Project("{9A19103F-16F7-4668-BE54-9A1E7A4F7556}") = "CalculadoraDeEdad", "CalculadoraDeEdad.csproj", "{E4E4F748-183E-49BC-AD4B-E8B4C8CA28CC}"
EndProject
Project("{FAE04EC0-301F-11D3-BF4B-00C04F79EFBC}") = "CalculadoraDeEdadMVC", "..\CalculadoraDeEdadMVC\CalculadoraDeEdadMVC.csproj", "{922618F1-10DD-4A5F-865F-32C1931C5599}"
EndProject
Global
	GlobalSection(SolutionConfigurationPlatforms) = preSolution
		Debug|Any CPU = Debug|Any CPU
		Release|Any CPU = Release|Any CPU
	EndGlobalSection
	GlobalSection(ProjectConfigurationPlatforms) = postSolution
		{E4E4F748-183E-49BC-AD4B-E8B4C8CA28CC}.Debug|Any CPU.ActiveCfg = Debug|Any CPU
		{E4E4F748-183E-49BC-AD4B-E8B4C8CA28CC}.Debug|Any CPU.Build.0 = Debug|Any CPU
		{E4E4F748-183E-49BC-AD4B-E8B4C8CA28CC}.Release|Any CPU.ActiveCfg = Release|Any CPU
		{E4E4F748-183E-49BC-AD4B-E8B4C8CA28CC}.Release|Any CPU.Build.0 = Release|Any CPU
		{922618F1-10DD-4A5F-865F-32C1931C5599}.Debug|Any CPU.ActiveCfg = Debug|Any CPU
		{922618F1-10DD-4A5F-865F-32C1931C5599}.Debug|Any CPU.Build.0 = Debug|Any CPU
		{922618F1-10DD-4A5F-865F-32C1931C5599}.Release|Any CPU.ActiveCfg = Release|Any CPU
		{922618F1-10DD-4A5F-865F-32C1931C5599}.Release|Any CPU.Build.0 = Release|Any CPU
	EndGlobalSection
	GlobalSection(SolutionProperties) = preSolution
		HideSolutionNode = FALSE
	EndGlobalSection
	GlobalSection(ExtensibilityGlobals) = postSolution
		SolutionGuid = {5872C40C-E72A-4770-9908-FF04E33F2B41}
	EndGlobalSection
EndGlobal
